
Microsoft Visual Studio Solution File, Format Version 12.00
# Visual Studio Version 17
VisualStudioVersion = 17.14.36930.0 d17.14
MinimumVisualStudioVersion = 10.0.40219.1
Project("{FAE04EC0-301F-11D3-BF4B-00C04F79EFBC}") = "MvcDapperDemo", "MvcDapperDemo.csproj", "{F81A6E18-F97E-4037-8096-F208B2733836}"
EndProject
Global
	GlobalSection(SolutionConfigurationPlatforms) = preSolution
		Debug|Any CPU = Debug|Any CPU
		Release|Any CPU = Release|Any CPU
	EndGlobalSection
	GlobalSection(ProjectConfigurationPlatforms) = postSolution
		{F81A6E18-F97E-4037-8096-F208B2733836}.Debug|Any CPU.ActiveCfg = Debug|Any CPU
		{F81A6E18-F97E-4037-8096-F208B2733836}.Debug|Any CPU.Build.0 = Debug|Any CPU
		{F81A6E18-F97E-4037-8096-F208B2733836}.Release|Any CPU.ActiveCfg = Release|Any CPU
		{F81A6E18-F97E-4037-8096-F208B2733836}.Release|Any CPU.Build.0 = Release|Any CPU
	EndGlobalSection
	GlobalSection(SolutionProperties) = preSolution
		HideSolutionNode = FALSE
	EndGlobalSection
	GlobalSection(ExtensibilityGlobals) = postSolution
		SolutionGuid = {1C2C1580-C9A1-48BC-A238-25604A977EB8}
	EndGlobalSection
EndGlobal
